<?xml version="1.0" encoding="UTF-8"?>
<Project ToolsVersion="12.0" xmlns="http://schemas.microsoft.com/developer/msbuild/2003">
  <ItemGroup>
    <ClCompile Include="C:\Users\ivanj\Documents\GitHub\Platformski Nezavisno Programiranje\platformsko\include\lib.cpp">
      <Filter>Source Files</Filter>
    </ClCompile>
  </ItemGroup>
  <ItemGroup>
    <ClInclude Include="C:\Users\ivanj\Documents\GitHub\Platformski Nezavisno Programiranje\platformsko\include\lib.h">
      <Filter>Header Files</Filter>
    </ClInclude>
  </ItemGroup>
  <ItemGroup>
    <CustomBuild Include="C:\Users\ivanj\Documents\GitHub\Platformski Nezavisno Programiranje\platformsko\include\CMakeLists.txt" />
  </ItemGroup>
  <ItemGroup>
    <Filter Include="Source Files">
      <UniqueIdentifier>{43203000-8A20-32A0-AAB3-8A22A9ADA51D}</UniqueIdentifier>
    </Filter>
    <Filter Include="Header Files">
      <UniqueIdentifier>{222147D3-76D0-35B4-81B0-45D9CDF4B4A8}</UniqueIdentifier>
    </Filter>
  </ItemGroup>
</Project>
