Microsoft Visual Studio Solution File, Format Version 12.00
# Visual Studio 2013
Project("{8BC9CEB8-8B4A-11D0-8D11-00A0C91BC942}") = "ALL_BUILD", "ALL_BUILD.vcxproj", "{31DC19FF-CC32-3CE8-A364-37649FBFEE30}"
	ProjectSection(ProjectDependencies) = postProject
		{AFBB25D4-2ABE-3A20-B977-CC1E07DFDB49} = {AFBB25D4-2ABE-3A20-B977-CC1E07DFDB49}
		{ED6BD975-438C-3F7F-A0B9-734D51E75F55} = {ED6BD975-438C-3F7F-A0B9-734D51E75F55}
		{F03A68DE-06C7-3FAF-9214-21CF74AB07AB} = {F03A68DE-06C7-3FAF-9214-21CF74AB07AB}
		{3A167862-40AA-327F-A92E-7A917A8C154D} = {3A167862-40AA-327F-A92E-7A917A8C154D}
		{EC7D290C-2783-3BB4-8059-9228833AEC5A} = {EC7D290C-2783-3BB4-8059-9228833AEC5A}
	EndProjectSection
EndProject
Project("{8BC9CEB8-8B4A-11D0-8D11-00A0C91BC942}") = "INSTALL", "INSTALL.vcxproj", "{392CCEAF-7E4A-34CE-8487-246D70C729F6}"
	ProjectSection(ProjectDependencies) = postProject
		{31DC19FF-CC32-3CE8-A364-37649FBFEE30} = {31DC19FF-CC32-3CE8-A364-37649FBFEE30}
		{AFBB25D4-2ABE-3A20-B977-CC1E07DFDB49} = {AFBB25D4-2ABE-3A20-B977-CC1E07DFDB49}
	EndProjectSection
EndProject
Project("{8BC9CEB8-8B4A-11D0-8D11-00A0C91BC942}") = "RUN_TESTS", "RUN_TESTS.vcxproj", "{6AA95015-E4E3-380B-9B8A-C67C81C37809}"
	ProjectSection(ProjectDependencies) = postProject
		{AFBB25D4-2ABE-3A20-B977-CC1E07DFDB49} = {AFBB25D4-2ABE-3A20-B977-CC1E07DFDB49}
	EndProjectSection
EndProject
Project("{8BC9CEB8-8B4A-11D0-8D11-00A0C91BC942}") = "ZERO_CHECK", "ZERO_CHECK.vcxproj", "{AFBB25D4-2ABE-3A20-B977-CC1E07DFDB49}"
	ProjectSection(ProjectDependencies) = postProject
	EndProjectSection
EndProject
Project("{8BC9CEB8-8B4A-11D0-8D11-00A0C91BC942}") = "gtest", "library_test\gtest.vcxproj", "{ED6BD975-438C-3F7F-A0B9-734D51E75F55}"
	ProjectSection(ProjectDependencies) = postProject
		{AFBB25D4-2ABE-3A20-B977-CC1E07DFDB49} = {AFBB25D4-2ABE-3A20-B977-CC1E07DFDB49}
	EndProjectSection
EndProject
Project("{8BC9CEB8-8B4A-11D0-8D11-00A0C91BC942}") = "include", "include\include.vcxproj", "{F03A68DE-06C7-3FAF-9214-21CF74AB07AB}"
	ProjectSection(ProjectDependencies) = postProject
		{AFBB25D4-2ABE-3A20-B977-CC1E07DFDB49} = {AFBB25D4-2ABE-3A20-B977-CC1E07DFDB49}
	EndProjectSection
EndProject
Project("{8BC9CEB8-8B4A-11D0-8D11-00A0C91BC942}") = "platformsko", "platformsko.vcxproj", "{3A167862-40AA-327F-A92E-7A917A8C154D}"
	ProjectSection(ProjectDependencies) = postProject
		{AFBB25D4-2ABE-3A20-B977-CC1E07DFDB49} = {AFBB25D4-2ABE-3A20-B977-CC1E07DFDB49}
		{F03A68DE-06C7-3FAF-9214-21CF74AB07AB} = {F03A68DE-06C7-3FAF-9214-21CF74AB07AB}
	EndProjectSection
EndProject
Project("{8BC9CEB8-8B4A-11D0-8D11-00A0C91BC942}") = "unitTest", "library_test\unit_test\unitTest.vcxproj", "{EC7D290C-2783-3BB4-8059-9228833AEC5A}"
	ProjectSection(ProjectDependencies) = postProject
		{AFBB25D4-2ABE-3A20-B977-CC1E07DFDB49} = {AFBB25D4-2ABE-3A20-B977-CC1E07DFDB49}
		{ED6BD975-438C-3F7F-A0B9-734D51E75F55} = {ED6BD975-438C-3F7F-A0B9-734D51E75F55}
	EndProjectSection
EndProject
Global
	GlobalSection(SolutionConfigurationPlatforms) = preSolution
		Debug|Win32 = Debug|Win32
		Release|Win32 = Release|Win32
		MinSizeRel|Win32 = MinSizeRel|Win32
		RelWithDebInfo|Win32 = RelWithDebInfo|Win32
	EndGlobalSection
	GlobalSection(ProjectConfigurationPlatforms) = postSolution
		{31DC19FF-CC32-3CE8-A364-37649FBFEE30}.Debug|Win32.ActiveCfg = Debug|Win32
		{31DC19FF-CC32-3CE8-A364-37649FBFEE30}.Debug|Win32.Build.0 = Debug|Win32
		{31DC19FF-CC32-3CE8-A364-37649FBFEE30}.Release|Win32.ActiveCfg = Release|Win32
		{31DC19FF-CC32-3CE8-A364-37649FBFEE30}.Release|Win32.Build.0 = Release|Win32
		{31DC19FF-CC32-3CE8-A364-37649FBFEE30}.MinSizeRel|Win32.ActiveCfg = MinSizeRel|Win32
		{31DC19FF-CC32-3CE8-A364-37649FBFEE30}.MinSizeRel|Win32.Build.0 = MinSizeRel|Win32
		{31DC19FF-CC32-3CE8-A364-37649FBFEE30}.RelWithDebInfo|Win32.ActiveCfg = RelWithDebInfo|Win32
		{31DC19FF-CC32-3CE8-A364-37649FBFEE30}.RelWithDebInfo|Win32.Build.0 = RelWithDebInfo|Win32
		{392CCEAF-7E4A-34CE-8487-246D70C729F6}.Debug|Win32.ActiveCfg = Debug|Win32
		{392CCEAF-7E4A-34CE-8487-246D70C729F6}.Release|Win32.ActiveCfg = Release|Win32
		{392CCEAF-7E4A-34CE-8487-246D70C729F6}.MinSizeRel|Win32.ActiveCfg = MinSizeRel|Win32
		{392CCEAF-7E4A-34CE-8487-246D70C729F6}.RelWithDebInfo|Win32.ActiveCfg = RelWithDebInfo|Win32
		{6AA95015-E4E3-380B-9B8A-C67C81C37809}.Debug|Win32.ActiveCfg = Debug|Win32
		{6AA95015-E4E3-380B-9B8A-C67C81C37809}.Release|Win32.ActiveCfg = Release|Win32
		{6AA95015-E4E3-380B-9B8A-C67C81C37809}.MinSizeRel|Win32.ActiveCfg = MinSizeRel|Win32
		{6AA95015-E4E3-380B-9B8A-C67C81C37809}.RelWithDebInfo|Win32.ActiveCfg = RelWithDebInfo|Win32
		{AFBB25D4-2ABE-3A20-B977-CC1E07DFDB49}.Debug|Win32.ActiveCfg = Debug|Win32
		{AFBB25D4-2ABE-3A20-B977-CC1E07DFDB49}.Debug|Win32.Build.0 = Debug|Win32
		{AFBB25D4-2ABE-3A20-B977-CC1E07DFDB49}.Release|Win32.ActiveCfg = Release|Win32
		{AFBB25D4-2ABE-3A20-B977-CC1E07DFDB49}.Release|Win32.Build.0 = Release|Win32
		{AFBB25D4-2ABE-3A20-B977-CC1E07DFDB49}.MinSizeRel|Win32.ActiveCfg = MinSizeRel|Win32
		{AFBB25D4-2ABE-3A20-B977-CC1E07DFDB49}.MinSizeRel|Win32.Build.0 = MinSizeRel|Win32
		{AFBB25D4-2ABE-3A20-B977-CC1E07DFDB49}.RelWithDebInfo|Win32.ActiveCfg = RelWithDebInfo|Win32
		{AFBB25D4-2ABE-3A20-B977-CC1E07DFDB49}.RelWithDebInfo|Win32.Build.0 = RelWithDebInfo|Win32
		{ED6BD975-438C-3F7F-A0B9-734D51E75F55}.Debug|Win32.ActiveCfg = Debug|Win32
		{ED6BD975-438C-3F7F-A0B9-734D51E75F55}.Debug|Win32.Build.0 = Debug|Win32
		{ED6BD975-438C-3F7F-A0B9-734D51E75F55}.Release|Win32.ActiveCfg = Release|Win32
		{ED6BD975-438C-3F7F-A0B9-734D51E75F55}.Release|Win32.Build.0 = Release|Win32
		{ED6BD975-438C-3F7F-A0B9-734D51E75F55}.MinSizeRel|Win32.ActiveCfg = MinSizeRel|Win32
		{ED6BD975-438C-3F7F-A0B9-734D51E75F55}.MinSizeRel|Win32.Build.0 = MinSizeRel|Win32
		{ED6BD975-438C-3F7F-A0B9-734D51E75F55}.RelWithDebInfo|Win32.ActiveCfg = RelWithDebInfo|Win32
		{ED6BD975-438C-3F7F-A0B9-734D51E75F55}.RelWithDebInfo|Win32.Build.0 = RelWithDebInfo|Win32
		{F03A68DE-06C7-3FAF-9214-21CF74AB07AB}.Debug|Win32.ActiveCfg = Debug|Win32
		{F03A68DE-06C7-3FAF-9214-21CF74AB07AB}.Debug|Win32.Build.0 = Debug|Win32
		{F03A68DE-06C7-3FAF-9214-21CF74AB07AB}.Release|Win32.ActiveCfg = Release|Win32
		{F03A68DE-06C7-3FAF-9214-21CF74AB07AB}.Release|Win32.Build.0 = Release|Win32
		{F03A68DE-06C7-3FAF-9214-21CF74AB07AB}.MinSizeRel|Win32.ActiveCfg = MinSizeRel|Win32
		{F03A68DE-06C7-3FAF-9214-21CF74AB07AB}.MinSizeRel|Win32.Build.0 = MinSizeRel|Win32
		{F03A68DE-06C7-3FAF-9214-21CF74AB07AB}.RelWithDebInfo|Win32.ActiveCfg = RelWithDebInfo|Win32
		{F03A68DE-06C7-3FAF-9214-21CF74AB07AB}.RelWithDebInfo|Win32.Build.0 = RelWithDebInfo|Win32
		{3A167862-40AA-327F-A92E-7A917A8C154D}.Debug|Win32.ActiveCfg = Debug|Win32
		{3A167862-40AA-327F-A92E-7A917A8C154D}.Debug|Win32.Build.0 = Debug|Win32
		{3A167862-40AA-327F-A92E-7A917A8C154D}.Release|Win32.ActiveCfg = Release|Win32
		{3A167862-40AA-327F-A92E-7A917A8C154D}.Release|Win32.Build.0 = Release|Win32
		{3A167862-40AA-327F-A92E-7A917A8C154D}.MinSizeRel|Win32.ActiveCfg = MinSizeRel|Win32
		{3A167862-40AA-327F-A92E-7A917A8C154D}.MinSizeRel|Win32.Build.0 = MinSizeRel|Win32
		{3A167862-40AA-327F-A92E-7A917A8C154D}.RelWithDebInfo|Win32.ActiveCfg = RelWithDebInfo|Win32
		{3A167862-40AA-327F-A92E-7A917A8C154D}.RelWithDebInfo|Win32.Build.0 = RelWithDebInfo|Win32
		{EC7D290C-2783-3BB4-8059-9228833AEC5A}.Debug|Win32.ActiveCfg = Debug|Win32
		{EC7D290C-2783-3BB4-8059-9228833AEC5A}.Debug|Win32.Build.0 = Debug|Win32
		{EC7D290C-2783-3BB4-8059-9228833AEC5A}.Release|Win32.ActiveCfg = Release|Win32
		{EC7D290C-2783-3BB4-8059-9228833AEC5A}.Release|Win32.Build.0 = Release|Win32
		{EC7D290C-2783-3BB4-8059-9228833AEC5A}.MinSizeRel|Win32.ActiveCfg = MinSizeRel|Win32
		{EC7D290C-2783-3BB4-8059-9228833AEC5A}.MinSizeRel|Win32.Build.0 = MinSizeRel|Win32
		{EC7D290C-2783-3BB4-8059-9228833AEC5A}.RelWithDebInfo|Win32.ActiveCfg = RelWithDebInfo|Win32
		{EC7D290C-2783-3BB4-8059-9228833AEC5A}.RelWithDebInfo|Win32.Build.0 = RelWithDebInfo|Win32
	EndGlobalSection
	GlobalSection(ExtensibilityGlobals) = postSolution
	EndGlobalSection
	GlobalSection(ExtensibilityAddIns) = postSolution
	EndGlobalSection
EndGlobal
