<?xml version="1.0" encoding="UTF-8"?>
<Project ToolsVersion="12.0" xmlns="http://schemas.microsoft.com/developer/msbuild/2003">
  <ItemGroup>
    <CustomBuild Include="C:\Users\ivanj\Documents\GitHub\Platformski-Nezavisno-programiranje\newLibrary\buildVisual2\CMakeFiles\51a3d473e1f23feeb60a2d54ee1e5f10\generate.stamp.rule">
      <Filter>CMake Rules</Filter>
    </CustomBuild>
  </ItemGroup>
  <ItemGroup>
    <Filter Include="CMake Rules">
      <UniqueIdentifier>{313F0D88-22E8-39BD-B5D4-B659761909B1}</UniqueIdentifier>
    </Filter>
  </ItemGroup>
</Project>
